
Microsoft Visual Studio Solution File, Format Version 12.00
# Visual Studio 15
VisualStudioVersion = 15.0.25914.0
MinimumVisualStudioVersion = 10.0.40219.1
Project("{2150E333-8FDC-42A3-9474-1A3956D46DE8}") = "src", "src", "{E3F45D1B-C6EC-4A8D-A1CF-4942AF42C0FA}"
EndProject
Project("{2150E333-8FDC-42A3-9474-1A3956D46DE8}") = "test", "test", "{1BD727E2-48DA-40BC-A3E1-9DCFE7124229}"
EndProject
Project("{2150E333-8FDC-42A3-9474-1A3956D46DE8}") = "examples", "examples", "{139E7CE4-A7C2-4C16-AAFD-2933E6586D4F}"
EndProject
Project("{9A19103F-16F7-4668-BE54-9A1E7A4F7556}") = "Mocoding.EasyDocDb", "src\Mocoding.EasyDocDb\Mocoding.EasyDocDb.csproj", "{896E0D8F-F9F5-434F-BD4A-72AE80E2D365}"
EndProject
Project("{9A19103F-16F7-4668-BE54-9A1E7A4F7556}") = "Mocoding.EasyDocDb.Json", "src\Mocoding.EasyDocDb.Json\Mocoding.EasyDocDb.Json.csproj", "{2508A01B-AD6F-478B-B0B4-17952401B29C}"
EndProject
Project("{9A19103F-16F7-4668-BE54-9A1E7A4F7556}") = "Mocoding.EasyDocDb.Xml", "src\Mocoding.EasyDocDb.Xml\Mocoding.EasyDocDb.Xml.csproj", "{CF1E1CD9-E5EB-4411-B4BE-587FADB0AFA9}"
EndProject
Project("{9A19103F-16F7-4668-BE54-9A1E7A4F7556}") = "Mocoding.EasyDocDb.Yaml", "src\Mocoding.EasyDocDb.Yaml\Mocoding.EasyDocDb.Yaml.csproj", "{3A690DAE-EAFD-45D4-A3F9-1BD29E2A1733}"
EndProject
Project("{9A19103F-16F7-4668-BE54-9A1E7A4F7556}") = "Mocoding.EasyDocDb.Tests", "test\Mocoding.EasyDocDb.Tests\Mocoding.EasyDocDb.Tests.csproj", "{18A6652F-8A19-4E7A-B62E-1455DDFF8BA8}"
EndProject
Project("{9A19103F-16F7-4668-BE54-9A1E7A4F7556}") = "ConsoleApp", "examples\ConsoleApp\ConsoleApp.csproj", "{1DEF9864-49D7-4639-B280-21E4941D538F}"
EndProject
Project("{9A19103F-16F7-4668-BE54-9A1E7A4F7556}") = "WebApp", "examples\WebApp\WebApp.csproj", "{D31F4219-9BCF-4F68-996E-4E9AAE340F22}"
EndProject
Global
	GlobalSection(SolutionConfigurationPlatforms) = preSolution
		Debug|Any CPU = Debug|Any CPU
		Debug|x64 = Debug|x64
		Debug|x86 = Debug|x86
		Release|Any CPU = Release|Any CPU
		Release|x64 = Release|x64
		Release|x86 = Release|x86
	EndGlobalSection
	GlobalSection(ProjectConfigurationPlatforms) = postSolution
		{896E0D8F-F9F5-434F-BD4A-72AE80E2D365}.Debug|Any CPU.ActiveCfg = Debug|Any CPU
		{896E0D8F-F9F5-434F-BD4A-72AE80E2D365}.Debug|Any CPU.Build.0 = Debug|Any CPU
		{896E0D8F-F9F5-434F-BD4A-72AE80E2D365}.Debug|x64.ActiveCfg = Debug|x64
		{896E0D8F-F9F5-434F-BD4A-72AE80E2D365}.Debug|x64.Build.0 = Debug|x64
		{896E0D8F-F9F5-434F-BD4A-72AE80E2D365}.Debug|x86.ActiveCfg = Debug|x86
		{896E0D8F-F9F5-434F-BD4A-72AE80E2D365}.Debug|x86.Build.0 = Debug|x86
		{896E0D8F-F9F5-434F-BD4A-72AE80E2D365}.Release|Any CPU.ActiveCfg = Release|Any CPU
		{896E0D8F-F9F5-434F-BD4A-72AE80E2D365}.Release|Any CPU.Build.0 = Release|Any CPU
		{896E0D8F-F9F5-434F-BD4A-72AE80E2D365}.Release|x64.ActiveCfg = Release|x64
		{896E0D8F-F9F5-434F-BD4A-72AE80E2D365}.Release|x64.Build.0 = Release|x64
		{896E0D8F-F9F5-434F-BD4A-72AE80E2D365}.Release|x86.ActiveCfg = Release|x86
		{896E0D8F-F9F5-434F-BD4A-72AE80E2D365}.Release|x86.Build.0 = Release|x86
		{2508A01B-AD6F-478B-B0B4-17952401B29C}.Debug|Any CPU.ActiveCfg = Release|Any CPU
		{2508A01B-AD6F-478B-B0B4-17952401B29C}.Debug|Any CPU.Build.0 = Release|Any CPU
		{2508A01B-AD6F-478B-B0B4-17952401B29C}.Debug|x64.ActiveCfg = Release|Any CPU
		{2508A01B-AD6F-478B-B0B4-17952401B29C}.Debug|x64.Build.0 = Release|Any CPU
		{2508A01B-AD6F-478B-B0B4-17952401B29C}.Debug|x86.ActiveCfg = Release|Any CPU
		{2508A01B-AD6F-478B-B0B4-17952401B29C}.Debug|x86.Build.0 = Release|Any CPU
		{2508A01B-AD6F-478B-B0B4-17952401B29C}.Release|Any CPU.ActiveCfg = Release|Any CPU
		{2508A01B-AD6F-478B-B0B4-17952401B29C}.Release|Any CPU.Build.0 = Release|Any CPU
		{2508A01B-AD6F-478B-B0B4-17952401B29C}.Release|x64.ActiveCfg = Release|Any CPU
		{2508A01B-AD6F-478B-B0B4-17952401B29C}.Release|x64.Build.0 = Release|Any CPU
		{2508A01B-AD6F-478B-B0B4-17952401B29C}.Release|x86.ActiveCfg = Release|Any CPU
		{2508A01B-AD6F-478B-B0B4-17952401B29C}.Release|x86.Build.0 = Release|Any CPU
		{CF1E1CD9-E5EB-4411-B4BE-587FADB0AFA9}.Debug|Any CPU.ActiveCfg = Release|Any CPU
		{CF1E1CD9-E5EB-4411-B4BE-587FADB0AFA9}.Debug|Any CPU.Build.0 = Release|Any CPU
		{CF1E1CD9-E5EB-4411-B4BE-587FADB0AFA9}.Debug|x64.ActiveCfg = Release|Any CPU
		{CF1E1CD9-E5EB-4411-B4BE-587FADB0AFA9}.Debug|x64.Build.0 = Release|Any CPU
		{CF1E1CD9-E5EB-4411-B4BE-587FADB0AFA9}.Debug|x86.ActiveCfg = Release|Any CPU
		{CF1E1CD9-E5EB-4411-B4BE-587FADB0AFA9}.Debug|x86.Build.0 = Release|Any CPU
		{CF1E1CD9-E5EB-4411-B4BE-587FADB0AFA9}.Release|Any CPU.ActiveCfg = Release|Any CPU
		{CF1E1CD9-E5EB-4411-B4BE-587FADB0AFA9}.Release|Any CPU.Build.0 = Release|Any CPU
		{CF1E1CD9-E5EB-4411-B4BE-587FADB0AFA9}.Release|x64.ActiveCfg = Release|Any CPU
		{CF1E1CD9-E5EB-4411-B4BE-587FADB0AFA9}.Release|x64.Build.0 = Release|Any CPU
		{CF1E1CD9-E5EB-4411-B4BE-587FADB0AFA9}.Release|x86.ActiveCfg = Release|Any CPU
		{CF1E1CD9-E5EB-4411-B4BE-587FADB0AFA9}.Release|x86.Build.0 = Release|Any CPU
		{3A690DAE-EAFD-45D4-A3F9-1BD29E2A1733}.Debug|Any CPU.ActiveCfg = Release|Any CPU
		{3A690DAE-EAFD-45D4-A3F9-1BD29E2A1733}.Debug|Any CPU.Build.0 = Release|Any CPU
		{3A690DAE-EAFD-45D4-A3F9-1BD29E2A1733}.Debug|x64.ActiveCfg = Release|Any CPU
		{3A690DAE-EAFD-45D4-A3F9-1BD29E2A1733}.Debug|x64.Build.0 = Release|Any CPU
		{3A690DAE-EAFD-45D4-A3F9-1BD29E2A1733}.Debug|x86.ActiveCfg = Release|Any CPU
		{3A690DAE-EAFD-45D4-A3F9-1BD29E2A1733}.Debug|x86.Build.0 = Release|Any CPU
		{3A690DAE-EAFD-45D4-A3F9-1BD29E2A1733}.Release|Any CPU.ActiveCfg = Release|Any CPU
		{3A690DAE-EAFD-45D4-A3F9-1BD29E2A1733}.Release|Any CPU.Build.0 = Release|Any CPU
		{3A690DAE-EAFD-45D4-A3F9-1BD29E2A1733}.Release|x64.ActiveCfg = Release|Any CPU
		{3A690DAE-EAFD-45D4-A3F9-1BD29E2A1733}.Release|x64.Build.0 = Release|Any CPU
		{3A690DAE-EAFD-45D4-A3F9-1BD29E2A1733}.Release|x86.ActiveCfg = Release|Any CPU
		{3A690DAE-EAFD-45D4-A3F9-1BD29E2A1733}.Release|x86.Build.0 = Release|Any CPU
		{18A6652F-8A19-4E7A-B62E-1455DDFF8BA8}.Debug|Any CPU.ActiveCfg = Debug|Any CPU
		{18A6652F-8A19-4E7A-B62E-1455DDFF8BA8}.Debug|Any CPU.Build.0 = Debug|Any CPU
		{18A6652F-8A19-4E7A-B62E-1455DDFF8BA8}.Debug|x64.ActiveCfg = Debug|x64
		{18A6652F-8A19-4E7A-B62E-1455DDFF8BA8}.Debug|x64.Build.0 = Debug|x64
		{18A6652F-8A19-4E7A-B62E-1455DDFF8BA8}.Debug|x86.ActiveCfg = Debug|x86
		{18A6652F-8A19-4E7A-B62E-1455DDFF8BA8}.Debug|x86.Build.0 = Debug|x86
		{18A6652F-8A19-4E7A-B62E-1455DDFF8BA8}.Release|Any CPU.ActiveCfg = Release|Any CPU
		{18A6652F-8A19-4E7A-B62E-1455DDFF8BA8}.Release|Any CPU.Build.0 = Release|Any CPU
		{18A6652F-8A19-4E7A-B62E-1455DDFF8BA8}.Release|x64.ActiveCfg = Release|x64
		{18A6652F-8A19-4E7A-B62E-1455DDFF8BA8}.Release|x64.Build.0 = Release|x64
		{18A6652F-8A19-4E7A-B62E-1455DDFF8BA8}.Release|x86.ActiveCfg = Release|x86
		{18A6652F-8A19-4E7A-B62E-1455DDFF8BA8}.Release|x86.Build.0 = Release|x86
		{1DEF9864-49D7-4639-B280-21E4941D538F}.Debug|Any CPU.ActiveCfg = Debug|Any CPU
		{1DEF9864-49D7-4639-B280-21E4941D538F}.Debug|Any CPU.Build.0 = Debug|Any CPU
		{1DEF9864-49D7-4639-B280-21E4941D538F}.Debug|x64.ActiveCfg = Debug|x64
		{1DEF9864-49D7-4639-B280-21E4941D538F}.Debug|x64.Build.0 = Debug|x64
		{1DEF9864-49D7-4639-B280-21E4941D538F}.Debug|x86.ActiveCfg = Debug|x86
		{1DEF9864-49D7-4639-B280-21E4941D538F}.Debug|x86.Build.0 = Debug|x86
		{1DEF9864-49D7-4639-B280-21E4941D538F}.Release|Any CPU.ActiveCfg = Release|Any CPU
		{1DEF9864-49D7-4639-B280-21E4941D538F}.Release|Any CPU.Build.0 = Release|Any CPU
		{1DEF9864-49D7-4639-B280-21E4941D538F}.Release|x64.ActiveCfg = Release|x64
		{1DEF9864-49D7-4639-B280-21E4941D538F}.Release|x64.Build.0 = Release|x64
		{1DEF9864-49D7-4639-B280-21E4941D538F}.Release|x86.ActiveCfg = Release|x86
		{1DEF9864-49D7-4639-B280-21E4941D538F}.Release|x86.Build.0 = Release|x86
		{D31F4219-9BCF-4F68-996E-4E9AAE340F22}.Debug|Any CPU.ActiveCfg = Debug|Any CPU
		{D31F4219-9BCF-4F68-996E-4E9AAE340F22}.Debug|Any CPU.Build.0 = Debug|Any CPU
		{D31F4219-9BCF-4F68-996E-4E9AAE340F22}.Debug|x64.ActiveCfg = Debug|x64
		{D31F4219-9BCF-4F68-996E-4E9AAE340F22}.Debug|x64.Build.0 = Debug|x64
		{D31F4219-9BCF-4F68-996E-4E9AAE340F22}.Debug|x86.ActiveCfg = Debug|x86
		{D31F4219-9BCF-4F68-996E-4E9AAE340F22}.Debug|x86.Build.0 = Debug|x86
		{D31F4219-9BCF-4F68-996E-4E9AAE340F22}.Release|Any CPU.ActiveCfg = Release|Any CPU
		{D31F4219-9BCF-4F68-996E-4E9AAE340F22}.Release|Any CPU.Build.0 = Release|Any CPU
		{D31F4219-9BCF-4F68-996E-4E9AAE340F22}.Release|x64.ActiveCfg = Release|x64
		{D31F4219-9BCF-4F68-996E-4E9AAE340F22}.Release|x64.Build.0 = Release|x64
		{D31F4219-9BCF-4F68-996E-4E9AAE340F22}.Release|x86.ActiveCfg = Release|x86
		{D31F4219-9BCF-4F68-996E-4E9AAE340F22}.Release|x86.Build.0 = Release|x86
	EndGlobalSection
	GlobalSection(SolutionProperties) = preSolution
		HideSolutionNode = FALSE
	EndGlobalSection
	GlobalSection(NestedProjects) = preSolution
		{896E0D8F-F9F5-434F-BD4A-72AE80E2D365} = {E3F45D1B-C6EC-4A8D-A1CF-4942AF42C0FA}
		{2508A01B-AD6F-478B-B0B4-17952401B29C} = {E3F45D1B-C6EC-4A8D-A1CF-4942AF42C0FA}
		{CF1E1CD9-E5EB-4411-B4BE-587FADB0AFA9} = {E3F45D1B-C6EC-4A8D-A1CF-4942AF42C0FA}
		{3A690DAE-EAFD-45D4-A3F9-1BD29E2A1733} = {E3F45D1B-C6EC-4A8D-A1CF-4942AF42C0FA}
		{18A6652F-8A19-4E7A-B62E-1455DDFF8BA8} = {1BD727E2-48DA-40BC-A3E1-9DCFE7124229}
		{1DEF9864-49D7-4639-B280-21E4941D538F} = {139E7CE4-A7C2-4C16-AAFD-2933E6586D4F}
		{D31F4219-9BCF-4F68-996E-4E9AAE340F22} = {139E7CE4-A7C2-4C16-AAFD-2933E6586D4F}
	EndGlobalSection
EndGlobal
