
Microsoft Visual Studio Solution File, Format Version 12.00
# Visual Studio Version 16
VisualStudioVersion = 16.0.29613.14
MinimumVisualStudioVersion = 10.0.40219.1
Project("{2150E333-8FDC-42A3-9474-1A3956D46DE8}") = "src", "src", "{926E5B6B-7208-4093-B1BD-3D38BA3135BB}"
EndProject
Project("{2150E333-8FDC-42A3-9474-1A3956D46DE8}") = "examples", "examples", "{DCC49379-7DBF-4519-A71D-42611C3578CD}"
EndProject
Project("{2150E333-8FDC-42A3-9474-1A3956D46DE8}") = "test", "test", "{08BCCC57-3049-4921-AE52-B9CE671E1F82}"
EndProject
Project("{9A19103F-16F7-4668-BE54-9A1E7A4F7556}") = "Mocoding.EasyDocDb", "src\Mocoding.EasyDocDb\Mocoding.EasyDocDb.csproj", "{EB482D45-99F0-4C8C-A683-8A5D5EB79187}"
EndProject
Project("{9A19103F-16F7-4668-BE54-9A1E7A4F7556}") = "Mocoding.EasyDocDb.Json", "src\Mocoding.EasyDocDb.Json\Mocoding.EasyDocDb.Json.csproj", "{B9B6CFD5-6F1C-4C97-99B7-B5920FC28C6B}"
EndProject
Project("{9A19103F-16F7-4668-BE54-9A1E7A4F7556}") = "Mocoding.EasyDocDb.Yaml", "src\Mocoding.EasyDocDb.Yaml\Mocoding.EasyDocDb.Yaml.csproj", "{09301204-98A6-4A09-9578-928F0A963971}"
EndProject
Project("{9A19103F-16F7-4668-BE54-9A1E7A4F7556}") = "Mocoding.EasyDocDb.Xml", "src\Mocoding.EasyDocDb.Xml\Mocoding.EasyDocDb.Xml.csproj", "{EA99EF17-1064-45BB-B3FF-B88AD1749BCB}"
EndProject
Project("{9A19103F-16F7-4668-BE54-9A1E7A4F7556}") = "ConsoleApp", "examples\ConsoleApp\ConsoleApp.csproj", "{AD43118E-4CBE-4FF7-BEE3-6E134F1292EE}"
EndProject
Project("{9A19103F-16F7-4668-BE54-9A1E7A4F7556}") = "WebApp", "examples\WebApp\WebApp.csproj", "{19DB5C14-B404-4736-AD3C-CE8352142D4E}"
EndProject
Project("{9A19103F-16F7-4668-BE54-9A1E7A4F7556}") = "Mocoding.EasyDocDb.Tests", "test\Mocoding.EasyDocDb.Tests\Mocoding.EasyDocDb.Tests.csproj", "{8545C6C3-4033-42BF-A673-2826953DB7B7}"
EndProject
Project("{9A19103F-16F7-4668-BE54-9A1E7A4F7556}") = "Mocoding.EasyDocDb.FileSystem", "src\Mocoding.EasyDocDb.FileSystem\Mocoding.EasyDocDb.FileSystem.csproj", "{F818ECAF-CBC8-4A48-A8A3-F54025000BE2}"
EndProject
Project("{9A19103F-16F7-4668-BE54-9A1E7A4F7556}") = "Mocoding.EasyDocDb.AzureStorage", "src\Mocoding.EasyDocDb.AzureStorage\Mocoding.EasyDocDb.AzureStorage.csproj", "{7EFB67A7-4D43-49C4-A0FD-56B68C735166}"
EndProject
Project("{2150E333-8FDC-42A3-9474-1A3956D46DE8}") = "Solution Items", "Solution Items", "{709D4BE1-2609-4CD2-8FFF-A67A498A51D8}"
	ProjectSection(SolutionItems) = preProject
		Directory.Build.props = Directory.Build.props
		Directory.Build.targets = Directory.Build.targets
		_stylecop\StyleCop.ruleset = _stylecop\StyleCop.ruleset
	EndProjectSection
EndProject
Global
	GlobalSection(SolutionConfigurationPlatforms) = preSolution
		Debug|Any CPU = Debug|Any CPU
		Release|Any CPU = Release|Any CPU
	EndGlobalSection
	GlobalSection(ProjectConfigurationPlatforms) = postSolution
		{EB482D45-99F0-4C8C-A683-8A5D5EB79187}.Debug|Any CPU.ActiveCfg = Debug|Any CPU
		{EB482D45-99F0-4C8C-A683-8A5D5EB79187}.Debug|Any CPU.Build.0 = Debug|Any CPU
		{EB482D45-99F0-4C8C-A683-8A5D5EB79187}.Release|Any CPU.ActiveCfg = Release|Any CPU
		{EB482D45-99F0-4C8C-A683-8A5D5EB79187}.Release|Any CPU.Build.0 = Release|Any CPU
		{B9B6CFD5-6F1C-4C97-99B7-B5920FC28C6B}.Debug|Any CPU.ActiveCfg = Debug|Any CPU
		{B9B6CFD5-6F1C-4C97-99B7-B5920FC28C6B}.Debug|Any CPU.Build.0 = Debug|Any CPU
		{B9B6CFD5-6F1C-4C97-99B7-B5920FC28C6B}.Release|Any CPU.ActiveCfg = Release|Any CPU
		{B9B6CFD5-6F1C-4C97-99B7-B5920FC28C6B}.Release|Any CPU.Build.0 = Release|Any CPU
		{09301204-98A6-4A09-9578-928F0A963971}.Debug|Any CPU.ActiveCfg = Debug|Any CPU
		{09301204-98A6-4A09-9578-928F0A963971}.Debug|Any CPU.Build.0 = Debug|Any CPU
		{09301204-98A6-4A09-9578-928F0A963971}.Release|Any CPU.ActiveCfg = Release|Any CPU
		{09301204-98A6-4A09-9578-928F0A963971}.Release|Any CPU.Build.0 = Release|Any CPU
		{EA99EF17-1064-45BB-B3FF-B88AD1749BCB}.Debug|Any CPU.ActiveCfg = Debug|Any CPU
		{EA99EF17-1064-45BB-B3FF-B88AD1749BCB}.Debug|Any CPU.Build.0 = Debug|Any CPU
		{EA99EF17-1064-45BB-B3FF-B88AD1749BCB}.Release|Any CPU.ActiveCfg = Release|Any CPU
		{EA99EF17-1064-45BB-B3FF-B88AD1749BCB}.Release|Any CPU.Build.0 = Release|Any CPU
		{AD43118E-4CBE-4FF7-BEE3-6E134F1292EE}.Debug|Any CPU.ActiveCfg = Debug|Any CPU
		{AD43118E-4CBE-4FF7-BEE3-6E134F1292EE}.Debug|Any CPU.Build.0 = Debug|Any CPU
		{AD43118E-4CBE-4FF7-BEE3-6E134F1292EE}.Release|Any CPU.ActiveCfg = Release|Any CPU
		{AD43118E-4CBE-4FF7-BEE3-6E134F1292EE}.Release|Any CPU.Build.0 = Release|Any CPU
		{19DB5C14-B404-4736-AD3C-CE8352142D4E}.Debug|Any CPU.ActiveCfg = Debug|Any CPU
		{19DB5C14-B404-4736-AD3C-CE8352142D4E}.Debug|Any CPU.Build.0 = Debug|Any CPU
		{19DB5C14-B404-4736-AD3C-CE8352142D4E}.Release|Any CPU.ActiveCfg = Release|Any CPU
		{19DB5C14-B404-4736-AD3C-CE8352142D4E}.Release|Any CPU.Build.0 = Release|Any CPU
		{8545C6C3-4033-42BF-A673-2826953DB7B7}.Debug|Any CPU.ActiveCfg = Debug|Any CPU
		{8545C6C3-4033-42BF-A673-2826953DB7B7}.Debug|Any CPU.Build.0 = Debug|Any CPU
		{8545C6C3-4033-42BF-A673-2826953DB7B7}.Release|Any CPU.ActiveCfg = Release|Any CPU
		{8545C6C3-4033-42BF-A673-2826953DB7B7}.Release|Any CPU.Build.0 = Release|Any CPU
		{F818ECAF-CBC8-4A48-A8A3-F54025000BE2}.Debug|Any CPU.ActiveCfg = Debug|Any CPU
		{F818ECAF-CBC8-4A48-A8A3-F54025000BE2}.Debug|Any CPU.Build.0 = Debug|Any CPU
		{F818ECAF-CBC8-4A48-A8A3-F54025000BE2}.Release|Any CPU.ActiveCfg = Release|Any CPU
		{F818ECAF-CBC8-4A48-A8A3-F54025000BE2}.Release|Any CPU.Build.0 = Release|Any CPU
		{7EFB67A7-4D43-49C4-A0FD-56B68C735166}.Debug|Any CPU.ActiveCfg = Debug|Any CPU
		{7EFB67A7-4D43-49C4-A0FD-56B68C735166}.Debug|Any CPU.Build.0 = Debug|Any CPU
		{7EFB67A7-4D43-49C4-A0FD-56B68C735166}.Release|Any CPU.ActiveCfg = Release|Any CPU
		{7EFB67A7-4D43-49C4-A0FD-56B68C735166}.Release|Any CPU.Build.0 = Release|Any CPU
	EndGlobalSection
	GlobalSection(SolutionProperties) = preSolution
		HideSolutionNode = FALSE
	EndGlobalSection
	GlobalSection(NestedProjects) = preSolution
		{EB482D45-99F0-4C8C-A683-8A5D5EB79187} = {926E5B6B-7208-4093-B1BD-3D38BA3135BB}
		{B9B6CFD5-6F1C-4C97-99B7-B5920FC28C6B} = {926E5B6B-7208-4093-B1BD-3D38BA3135BB}
		{09301204-98A6-4A09-9578-928F0A963971} = {926E5B6B-7208-4093-B1BD-3D38BA3135BB}
		{EA99EF17-1064-45BB-B3FF-B88AD1749BCB} = {926E5B6B-7208-4093-B1BD-3D38BA3135BB}
		{AD43118E-4CBE-4FF7-BEE3-6E134F1292EE} = {DCC49379-7DBF-4519-A71D-42611C3578CD}
		{19DB5C14-B404-4736-AD3C-CE8352142D4E} = {DCC49379-7DBF-4519-A71D-42611C3578CD}
		{8545C6C3-4033-42BF-A673-2826953DB7B7} = {08BCCC57-3049-4921-AE52-B9CE671E1F82}
		{F818ECAF-CBC8-4A48-A8A3-F54025000BE2} = {926E5B6B-7208-4093-B1BD-3D38BA3135BB}
		{7EFB67A7-4D43-49C4-A0FD-56B68C735166} = {926E5B6B-7208-4093-B1BD-3D38BA3135BB}
	EndGlobalSection
	GlobalSection(ExtensibilityGlobals) = postSolution
		SolutionGuid = {1C1FDCE5-D9D5-4C1E-969D-800150C10BB5}
	EndGlobalSection
EndGlobal
